# Auto-generated lock file - do not edit manually
# Generated by scaf

resolved_at: 2026-01-31T23:42:17.484124Z
velocity:
  version: 3.4.0-SNAPSHOT
  build: 559
  url: https://api.papermc.io/v2/projects/velocity/versions/3.4.0-SNAPSHOT/builds/559/downloads/velocity-3.4.0-SNAPSHOT-559.jar
plugins:
  tab:
    source: hangar
    project: NEZNAMY/TAB
    version: 5.0.7
    platform: VELOCITY
    url: https://hangarcdn.papermc.io/plugins/NEZNAMY/TAB/versions/5.0.7/PAPER/TAB%20v5.0.7.jar
    sha256: 9816ac3c3fe616b00c078393d39c1a68345e2e453db9f900349af6021219940b
    resolved_at: 2026-01-31T23:42:18.265727Z
